
Microsoft Visual Studio Solution File, Format Version 12.00
# Visual Studio Version 17
VisualStudioVersion = 17.0.31903.59
MinimumVisualStudioVersion = 10.0.40219.1
Project("{2150E333-8FDC-42A3-9474-1A3956D46DE8}") = "src", "src", "{A30D7B64-668F-41C9-97EE-ADB01BB957D5}"
EndProject
Project("{FAE04EC0-301F-11D3-BF4B-00C04F79EFBC}") = "WordTableToExcel", "src\WordTableToExcel\WordTableToExcel.csproj", "{B48F7622-1AD8-4A0E-9031-16E4DD04215E}"
EndProject
Project("{2150E333-8FDC-42A3-9474-1A3956D46DE8}") = "tests", "tests", "{0F35E839-6459-4D12-88EF-6410782DFA92}"
EndProject
Project("{FAE04EC0-301F-11D3-BF4B-00C04F79EFBC}") = "WordTableToExcel.Tests", "tests\WordTableToExcel.Tests\WordTableToExcel.Tests.csproj", "{3127291A-4FFB-4960-875C-1FEA64BFA3D5}"
EndProject
Global
	GlobalSection(SolutionConfigurationPlatforms) = preSolution
		Debug|Any CPU = Debug|Any CPU
		Release|Any CPU = Release|Any CPU
	EndGlobalSection
	GlobalSection(SolutionProperties) = preSolution
		HideSolutionNode = FALSE
	EndGlobalSection
	GlobalSection(ProjectConfigurationPlatforms) = postSolution
		{B48F7622-1AD8-4A0E-9031-16E4DD04215E}.Debug|Any CPU.ActiveCfg = Debug|Any CPU
		{B48F7622-1AD8-4A0E-9031-16E4DD04215E}.Debug|Any CPU.Build.0 = Debug|Any CPU
		{B48F7622-1AD8-4A0E-9031-16E4DD04215E}.Release|Any CPU.ActiveCfg = Release|Any CPU
		{B48F7622-1AD8-4A0E-9031-16E4DD04215E}.Release|Any CPU.Build.0 = Release|Any CPU
		{3127291A-4FFB-4960-875C-1FEA64BFA3D5}.Debug|Any CPU.ActiveCfg = Debug|Any CPU
		{3127291A-4FFB-4960-875C-1FEA64BFA3D5}.Debug|Any CPU.Build.0 = Debug|Any CPU
		{3127291A-4FFB-4960-875C-1FEA64BFA3D5}.Release|Any CPU.ActiveCfg = Release|Any CPU
		{3127291A-4FFB-4960-875C-1FEA64BFA3D5}.Release|Any CPU.Build.0 = Release|Any CPU
	EndGlobalSection
	GlobalSection(NestedProjects) = preSolution
		{B48F7622-1AD8-4A0E-9031-16E4DD04215E} = {A30D7B64-668F-41C9-97EE-ADB01BB957D5}
		{3127291A-4FFB-4960-875C-1FEA64BFA3D5} = {0F35E839-6459-4D12-88EF-6410782DFA92}
	EndGlobalSection
EndGlobal
